
Microsoft Visual Studio Solution File, Format Version 12.00
# Visual Studio Version 17
VisualStudioVersion = 17.13.35806.99 d17.13
MinimumVisualStudioVersion = 10.0.40219.1
Project("{FAE04EC0-301F-11D3-BF4B-00C04F79EFBC}") = "SalesApplication.Web", "SalesApplication\SalesApplication.Web.csproj", "{B0995C0A-5AE9-469E-B203-1B4FDE22C4FF}"
EndProject
Global
	GlobalSection(SolutionConfigurationPlatforms) = preSolution
		Debug|Any CPU = Debug|Any CPU
		Release|Any CPU = Release|Any CPU
	EndGlobalSection
	GlobalSection(ProjectConfigurationPlatforms) = postSolution
		{B0995C0A-5AE9-469E-B203-1B4FDE22C4FF}.Debug|Any CPU.ActiveCfg = Debug|Any CPU
		{B0995C0A-5AE9-469E-B203-1B4FDE22C4FF}.Debug|Any CPU.Build.0 = Debug|Any CPU
		{B0995C0A-5AE9-469E-B203-1B4FDE22C4FF}.Release|Any CPU.ActiveCfg = Release|Any CPU
		{B0995C0A-5AE9-469E-B203-1B4FDE22C4FF}.Release|Any CPU.Build.0 = Release|Any CPU
	EndGlobalSection
	GlobalSection(SolutionProperties) = preSolution
		HideSolutionNode = FALSE
	EndGlobalSection
	GlobalSection(ExtensibilityGlobals) = postSolution
		SolutionGuid = {68A0F57B-7B02-4EF8-9011-322EC2A18D65}
	EndGlobalSection
EndGlobal
